
Microsoft Visual Studio Solution File, Format Version 12.00
# Visual Studio Version 16
VisualStudioVersion = 16.0.32126.315
MinimumVisualStudioVersion = 10.0.40219.1
Project("{8BC9CEB8-8B4A-11D0-8D11-00A0C91BC942}") = "GDInputLag", "GDInputLag\GDInputLag.vcxproj", "{4D6B9494-91AA-4701-AD83-353D81434909}"
EndProject
Global
	GlobalSection(SolutionConfigurationPlatforms) = preSolution
		Debug|x64 = Debug|x64
		Debug|x86 = Debug|x86
		Release|x64 = Release|x64
		Release|x86 = Release|x86
	EndGlobalSection
	GlobalSection(ProjectConfigurationPlatforms) = postSolution
		{4D6B9494-91AA-4701-AD83-353D81434909}.Debug|x64.ActiveCfg = Debug|x64
		{4D6B9494-91AA-4701-AD83-353D81434909}.Debug|x64.Build.0 = Debug|x64
		{4D6B9494-91AA-4701-AD83-353D81434909}.Debug|x86.ActiveCfg = Debug|Win32
		{4D6B9494-91AA-4701-AD83-353D81434909}.Debug|x86.Build.0 = Debug|Win32
		{4D6B9494-91AA-4701-AD83-353D81434909}.Release|x64.ActiveCfg = Release|x64
		{4D6B9494-91AA-4701-AD83-353D81434909}.Release|x64.Build.0 = Release|x64
		{4D6B9494-91AA-4701-AD83-353D81434909}.Release|x86.ActiveCfg = Release|Win32
		{4D6B9494-91AA-4701-AD83-353D81434909}.Release|x86.Build.0 = Release|Win32
	EndGlobalSection
	GlobalSection(SolutionProperties) = preSolution
		HideSolutionNode = FALSE
	EndGlobalSection
	GlobalSection(ExtensibilityGlobals) = postSolution
		SolutionGuid = {5F71D9C5-83CA-4A36-946F-596268F443A8}
	EndGlobalSection
EndGlobal
